
Microsoft Visual Studio Solution File, Format Version 12.00
# Visual Studio 15
Project("{8BC9CEB8-8B4A-11D0-8D11-00A0C91BC942}") = "ALL_BUILD", "ALL_BUILD.vcxproj", "{E13E17B0-E028-3CB2-BA79-4F071B6B072B}"
	ProjectSection(ProjectDependencies) = postProject
		{AE618ACE-D10C-3834-8EB8-8B5CC0648840} = {AE618ACE-D10C-3834-8EB8-8B5CC0648840}
		{6D104BA1-AC97-3510-B7AE-7A585125640B} = {6D104BA1-AC97-3510-B7AE-7A585125640B}
		{319D92D3-2A25-3F2E-8D31-34B4927FB418} = {319D92D3-2A25-3F2E-8D31-34B4927FB418}
		{BAFC893E-DF41-3F02-A2EB-935192C14AA4} = {BAFC893E-DF41-3F02-A2EB-935192C14AA4}
		{6AA33BAA-4F42-306B-BDD2-DCA453E5FD7B} = {6AA33BAA-4F42-306B-BDD2-DCA453E5FD7B}
	EndProjectSection
EndProject
Project("{8BC9CEB8-8B4A-11D0-8D11-00A0C91BC942}") = "EMCNPDatabase_par", "EMCNPDatabase_par.vcxproj", "{AE618ACE-D10C-3834-8EB8-8B5CC0648840}"
	ProjectSection(ProjectDependencies) = postProject
		{6AA33BAA-4F42-306B-BDD2-DCA453E5FD7B} = {6AA33BAA-4F42-306B-BDD2-DCA453E5FD7B}
	EndProjectSection
EndProject
Project("{8BC9CEB8-8B4A-11D0-8D11-00A0C91BC942}") = "EMCNPDatabase_ser", "EMCNPDatabase_ser.vcxproj", "{6D104BA1-AC97-3510-B7AE-7A585125640B}"
	ProjectSection(ProjectDependencies) = postProject
		{6AA33BAA-4F42-306B-BDD2-DCA453E5FD7B} = {6AA33BAA-4F42-306B-BDD2-DCA453E5FD7B}
	EndProjectSection
EndProject
Project("{8BC9CEB8-8B4A-11D0-8D11-00A0C91BC942}") = "IMCNPDatabase", "IMCNPDatabase.vcxproj", "{319D92D3-2A25-3F2E-8D31-34B4927FB418}"
	ProjectSection(ProjectDependencies) = postProject
		{6AA33BAA-4F42-306B-BDD2-DCA453E5FD7B} = {6AA33BAA-4F42-306B-BDD2-DCA453E5FD7B}
	EndProjectSection
EndProject
Project("{8BC9CEB8-8B4A-11D0-8D11-00A0C91BC942}") = "MMCNPDatabase", "MMCNPDatabase.vcxproj", "{BAFC893E-DF41-3F02-A2EB-935192C14AA4}"
	ProjectSection(ProjectDependencies) = postProject
		{6AA33BAA-4F42-306B-BDD2-DCA453E5FD7B} = {6AA33BAA-4F42-306B-BDD2-DCA453E5FD7B}
	EndProjectSection
EndProject
Project("{8BC9CEB8-8B4A-11D0-8D11-00A0C91BC942}") = "ZERO_CHECK", "ZERO_CHECK.vcxproj", "{6AA33BAA-4F42-306B-BDD2-DCA453E5FD7B}"
	ProjectSection(ProjectDependencies) = postProject
	EndProjectSection
EndProject
Global
	GlobalSection(SolutionConfigurationPlatforms) = preSolution
		Debug|x64 = Debug|x64
		Release|x64 = Release|x64
		MinSizeRel|x64 = MinSizeRel|x64
		RelWithDebInfo|x64 = RelWithDebInfo|x64
	EndGlobalSection
	GlobalSection(ProjectConfigurationPlatforms) = postSolution
		{E13E17B0-E028-3CB2-BA79-4F071B6B072B}.Debug|x64.ActiveCfg = Debug|x64
		{E13E17B0-E028-3CB2-BA79-4F071B6B072B}.Release|x64.ActiveCfg = Release|x64
		{E13E17B0-E028-3CB2-BA79-4F071B6B072B}.MinSizeRel|x64.ActiveCfg = MinSizeRel|x64
		{E13E17B0-E028-3CB2-BA79-4F071B6B072B}.RelWithDebInfo|x64.ActiveCfg = RelWithDebInfo|x64
		{AE618ACE-D10C-3834-8EB8-8B5CC0648840}.Debug|x64.ActiveCfg = Debug|x64
		{AE618ACE-D10C-3834-8EB8-8B5CC0648840}.Debug|x64.Build.0 = Debug|x64
		{AE618ACE-D10C-3834-8EB8-8B5CC0648840}.Release|x64.ActiveCfg = Release|x64
		{AE618ACE-D10C-3834-8EB8-8B5CC0648840}.Release|x64.Build.0 = Release|x64
		{AE618ACE-D10C-3834-8EB8-8B5CC0648840}.MinSizeRel|x64.ActiveCfg = MinSizeRel|x64
		{AE618ACE-D10C-3834-8EB8-8B5CC0648840}.MinSizeRel|x64.Build.0 = MinSizeRel|x64
		{AE618ACE-D10C-3834-8EB8-8B5CC0648840}.RelWithDebInfo|x64.ActiveCfg = RelWithDebInfo|x64
		{AE618ACE-D10C-3834-8EB8-8B5CC0648840}.RelWithDebInfo|x64.Build.0 = RelWithDebInfo|x64
		{6D104BA1-AC97-3510-B7AE-7A585125640B}.Debug|x64.ActiveCfg = Debug|x64
		{6D104BA1-AC97-3510-B7AE-7A585125640B}.Debug|x64.Build.0 = Debug|x64
		{6D104BA1-AC97-3510-B7AE-7A585125640B}.Release|x64.ActiveCfg = Release|x64
		{6D104BA1-AC97-3510-B7AE-7A585125640B}.Release|x64.Build.0 = Release|x64
		{6D104BA1-AC97-3510-B7AE-7A585125640B}.MinSizeRel|x64.ActiveCfg = MinSizeRel|x64
		{6D104BA1-AC97-3510-B7AE-7A585125640B}.MinSizeRel|x64.Build.0 = MinSizeRel|x64
		{6D104BA1-AC97-3510-B7AE-7A585125640B}.RelWithDebInfo|x64.ActiveCfg = RelWithDebInfo|x64
		{6D104BA1-AC97-3510-B7AE-7A585125640B}.RelWithDebInfo|x64.Build.0 = RelWithDebInfo|x64
		{319D92D3-2A25-3F2E-8D31-34B4927FB418}.Debug|x64.ActiveCfg = Debug|x64
		{319D92D3-2A25-3F2E-8D31-34B4927FB418}.Debug|x64.Build.0 = Debug|x64
		{319D92D3-2A25-3F2E-8D31-34B4927FB418}.Release|x64.ActiveCfg = Release|x64
		{319D92D3-2A25-3F2E-8D31-34B4927FB418}.Release|x64.Build.0 = Release|x64
		{319D92D3-2A25-3F2E-8D31-34B4927FB418}.MinSizeRel|x64.ActiveCfg = MinSizeRel|x64
		{319D92D3-2A25-3F2E-8D31-34B4927FB418}.MinSizeRel|x64.Build.0 = MinSizeRel|x64
		{319D92D3-2A25-3F2E-8D31-34B4927FB418}.RelWithDebInfo|x64.ActiveCfg = RelWithDebInfo|x64
		{319D92D3-2A25-3F2E-8D31-34B4927FB418}.RelWithDebInfo|x64.Build.0 = RelWithDebInfo|x64
		{BAFC893E-DF41-3F02-A2EB-935192C14AA4}.Debug|x64.ActiveCfg = Debug|x64
		{BAFC893E-DF41-3F02-A2EB-935192C14AA4}.Debug|x64.Build.0 = Debug|x64
		{BAFC893E-DF41-3F02-A2EB-935192C14AA4}.Release|x64.ActiveCfg = Release|x64
		{BAFC893E-DF41-3F02-A2EB-935192C14AA4}.Release|x64.Build.0 = Release|x64
		{BAFC893E-DF41-3F02-A2EB-935192C14AA4}.MinSizeRel|x64.ActiveCfg = MinSizeRel|x64
		{BAFC893E-DF41-3F02-A2EB-935192C14AA4}.MinSizeRel|x64.Build.0 = MinSizeRel|x64
		{BAFC893E-DF41-3F02-A2EB-935192C14AA4}.RelWithDebInfo|x64.ActiveCfg = RelWithDebInfo|x64
		{BAFC893E-DF41-3F02-A2EB-935192C14AA4}.RelWithDebInfo|x64.Build.0 = RelWithDebInfo|x64
		{6AA33BAA-4F42-306B-BDD2-DCA453E5FD7B}.Debug|x64.ActiveCfg = Debug|x64
		{6AA33BAA-4F42-306B-BDD2-DCA453E5FD7B}.Debug|x64.Build.0 = Debug|x64
		{6AA33BAA-4F42-306B-BDD2-DCA453E5FD7B}.Release|x64.ActiveCfg = Release|x64
		{6AA33BAA-4F42-306B-BDD2-DCA453E5FD7B}.Release|x64.Build.0 = Release|x64
		{6AA33BAA-4F42-306B-BDD2-DCA453E5FD7B}.MinSizeRel|x64.ActiveCfg = MinSizeRel|x64
		{6AA33BAA-4F42-306B-BDD2-DCA453E5FD7B}.MinSizeRel|x64.Build.0 = MinSizeRel|x64
		{6AA33BAA-4F42-306B-BDD2-DCA453E5FD7B}.RelWithDebInfo|x64.ActiveCfg = RelWithDebInfo|x64
		{6AA33BAA-4F42-306B-BDD2-DCA453E5FD7B}.RelWithDebInfo|x64.Build.0 = RelWithDebInfo|x64
	EndGlobalSection
	GlobalSection(ExtensibilityGlobals) = postSolution
		SolutionGuid = {521DABA3-661E-309A-8150-CB79DD216546}
	EndGlobalSection
	GlobalSection(ExtensibilityAddIns) = postSolution
	EndGlobalSection
EndGlobal
